
Microsoft Visual Studio Solution File, Format Version 12.00
# Visual Studio Version 17
VisualStudioVersion = 17.1.32407.343
MinimumVisualStudioVersion = 10.0.40219.1
Project("{FAE04EC0-301F-11D3-BF4B-00C04F79EFBC}") = "Homework1", "Homework1\Homework1.csproj", "{08EA8C62-5A27-4A80-93AC-1ED186565FB3}"
EndProject
Global
	GlobalSection(SolutionConfigurationPlatforms) = preSolution
		Debug|Any CPU = Debug|Any CPU
		Release|Any CPU = Release|Any CPU
	EndGlobalSection
	GlobalSection(ProjectConfigurationPlatforms) = postSolution
		{08EA8C62-5A27-4A80-93AC-1ED186565FB3}.Debug|Any CPU.ActiveCfg = Debug|Any CPU
		{08EA8C62-5A27-4A80-93AC-1ED186565FB3}.Debug|Any CPU.Build.0 = Debug|Any CPU
		{08EA8C62-5A27-4A80-93AC-1ED186565FB3}.Release|Any CPU.ActiveCfg = Release|Any CPU
		{08EA8C62-5A27-4A80-93AC-1ED186565FB3}.Release|Any CPU.Build.0 = Release|Any CPU
	EndGlobalSection
	GlobalSection(SolutionProperties) = preSolution
		HideSolutionNode = FALSE
	EndGlobalSection
	GlobalSection(ExtensibilityGlobals) = postSolution
		SolutionGuid = {A9315DA3-D02A-4F05-9FCC-D4412B688ACB}
	EndGlobalSection
EndGlobal
